{
  "name": "target-configurator",
  "version": "0.1.0",
  "lockfileVersion": 1,
  "requires": true,
  "dependencies": {
    "undertaker-registry": {
      "version": "1.0.1",
      "resolved": "https://registry.npmjs.org/undertaker-registry/-/undertaker-registry-1.0.1.tgz",
      "integrity": "sha1-XkvaMI5KiirlhPm5pDWaSZglzFA="
    }
  }
}
